
Microsoft Visual Studio Solution File, Format Version 12.00
# Visual Studio Version 17
VisualStudioVersion = 17.7.34031.279
MinimumVisualStudioVersion = 10.0.40219.1
Project("{9A19103F-16F7-4668-BE54-9A1E7A4F7556}") = "Pokedex.Client", "Pokedex.Client\Pokedex.Client.csproj", "{2A2F540B-E31E-4998-80A1-F22A5EBCB8B2}"
EndProject
Project("{9A19103F-16F7-4668-BE54-9A1E7A4F7556}") = "TestPokemonApi", "TestPokemonApi\TestPokemonApi.csproj", "{1CFA4685-BEE4-4D00-A776-853958EF9D6F}"
EndProject
Project("{9A19103F-16F7-4668-BE54-9A1E7A4F7556}") = "Pokedex.Api", "Pokedex.Api\Pokedex.Api.csproj", "{1A5D3A19-DA52-480E-A6E5-EC02CDE2B3B6}"
EndProject
Project("{9A19103F-16F7-4668-BE54-9A1E7A4F7556}") = "Pokedex.Domain", "Pokedex.Domain\Pokedex.Domain.csproj", "{DBE8476A-A182-4495-AA9C-F4DF2ADF5ECA}"
EndProject
Project("{9A19103F-16F7-4668-BE54-9A1E7A4F7556}") = "Pokedex.Infrastructure", "Pokedex.Infrastructure\Pokedex.Infrastructure.csproj", "{FC1229E6-F6F0-4D25-BEA9-794AF75AA94F}"
EndProject
Project("{9A19103F-16F7-4668-BE54-9A1E7A4F7556}") = "Pokedex.Application", "Pokedex.Application\Pokedex.Application.csproj", "{3D938DDD-14DA-4C1E-A913-8A7E6A0249CF}"
EndProject
Project("{9A19103F-16F7-4668-BE54-9A1E7A4F7556}") = "Pokedex.Contracts", "Pokedex.Contracts\Pokedex.Contracts.csproj", "{AA17AFA3-34EF-4075-B0C2-D00AB0FF9F8C}"
EndProject
Global
	GlobalSection(SolutionConfigurationPlatforms) = preSolution
		Debug|Any CPU = Debug|Any CPU
		Release|Any CPU = Release|Any CPU
	EndGlobalSection
	GlobalSection(ProjectConfigurationPlatforms) = postSolution
		{2A2F540B-E31E-4998-80A1-F22A5EBCB8B2}.Debug|Any CPU.ActiveCfg = Debug|Any CPU
		{2A2F540B-E31E-4998-80A1-F22A5EBCB8B2}.Debug|Any CPU.Build.0 = Debug|Any CPU
		{2A2F540B-E31E-4998-80A1-F22A5EBCB8B2}.Release|Any CPU.ActiveCfg = Release|Any CPU
		{2A2F540B-E31E-4998-80A1-F22A5EBCB8B2}.Release|Any CPU.Build.0 = Release|Any CPU
		{1CFA4685-BEE4-4D00-A776-853958EF9D6F}.Debug|Any CPU.ActiveCfg = Debug|Any CPU
		{1CFA4685-BEE4-4D00-A776-853958EF9D6F}.Debug|Any CPU.Build.0 = Debug|Any CPU
		{1CFA4685-BEE4-4D00-A776-853958EF9D6F}.Release|Any CPU.ActiveCfg = Release|Any CPU
		{1CFA4685-BEE4-4D00-A776-853958EF9D6F}.Release|Any CPU.Build.0 = Release|Any CPU
		{1A5D3A19-DA52-480E-A6E5-EC02CDE2B3B6}.Debug|Any CPU.ActiveCfg = Debug|Any CPU
		{1A5D3A19-DA52-480E-A6E5-EC02CDE2B3B6}.Debug|Any CPU.Build.0 = Debug|Any CPU
		{1A5D3A19-DA52-480E-A6E5-EC02CDE2B3B6}.Release|Any CPU.ActiveCfg = Release|Any CPU
		{1A5D3A19-DA52-480E-A6E5-EC02CDE2B3B6}.Release|Any CPU.Build.0 = Release|Any CPU
		{DBE8476A-A182-4495-AA9C-F4DF2ADF5ECA}.Debug|Any CPU.ActiveCfg = Debug|Any CPU
		{DBE8476A-A182-4495-AA9C-F4DF2ADF5ECA}.Debug|Any CPU.Build.0 = Debug|Any CPU
		{DBE8476A-A182-4495-AA9C-F4DF2ADF5ECA}.Release|Any CPU.ActiveCfg = Release|Any CPU
		{DBE8476A-A182-4495-AA9C-F4DF2ADF5ECA}.Release|Any CPU.Build.0 = Release|Any CPU
		{FC1229E6-F6F0-4D25-BEA9-794AF75AA94F}.Debug|Any CPU.ActiveCfg = Debug|Any CPU
		{FC1229E6-F6F0-4D25-BEA9-794AF75AA94F}.Debug|Any CPU.Build.0 = Debug|Any CPU
		{FC1229E6-F6F0-4D25-BEA9-794AF75AA94F}.Release|Any CPU.ActiveCfg = Release|Any CPU
		{FC1229E6-F6F0-4D25-BEA9-794AF75AA94F}.Release|Any CPU.Build.0 = Release|Any CPU
		{3D938DDD-14DA-4C1E-A913-8A7E6A0249CF}.Debug|Any CPU.ActiveCfg = Debug|Any CPU
		{3D938DDD-14DA-4C1E-A913-8A7E6A0249CF}.Debug|Any CPU.Build.0 = Debug|Any CPU
		{3D938DDD-14DA-4C1E-A913-8A7E6A0249CF}.Release|Any CPU.ActiveCfg = Release|Any CPU
		{3D938DDD-14DA-4C1E-A913-8A7E6A0249CF}.Release|Any CPU.Build.0 = Release|Any CPU
		{AA17AFA3-34EF-4075-B0C2-D00AB0FF9F8C}.Debug|Any CPU.ActiveCfg = Debug|Any CPU
		{AA17AFA3-34EF-4075-B0C2-D00AB0FF9F8C}.Debug|Any CPU.Build.0 = Debug|Any CPU
		{AA17AFA3-34EF-4075-B0C2-D00AB0FF9F8C}.Release|Any CPU.ActiveCfg = Release|Any CPU
		{AA17AFA3-34EF-4075-B0C2-D00AB0FF9F8C}.Release|Any CPU.Build.0 = Release|Any CPU
	EndGlobalSection
	GlobalSection(SolutionProperties) = preSolution
		HideSolutionNode = FALSE
	EndGlobalSection
	GlobalSection(ExtensibilityGlobals) = postSolution
		SolutionGuid = {8C808FB9-FED8-4ECB-BAE0-DAC8E022E8B5}
	EndGlobalSection
EndGlobal
